
Microsoft Visual Studio Solution File, Format Version 12.00
# Visual Studio Version 17
VisualStudioVersion = 17.5.33516.290
MinimumVisualStudioVersion = 10.0.40219.1
Project("{FAE04EC0-301F-11D3-BF4B-00C04F79EFBC}") = "MsgAppServer", "MsgAppServer\MsgAppServer.csproj", "{97FD6CDF-69E3-4C20-A8E8-4D0A718F5BB4}"
EndProject
Global
	GlobalSection(SolutionConfigurationPlatforms) = preSolution
		Debug|Any CPU = Debug|Any CPU
		Release|Any CPU = Release|Any CPU
	EndGlobalSection
	GlobalSection(ProjectConfigurationPlatforms) = postSolution
		{97FD6CDF-69E3-4C20-A8E8-4D0A718F5BB4}.Debug|Any CPU.ActiveCfg = Debug|Any CPU
		{97FD6CDF-69E3-4C20-A8E8-4D0A718F5BB4}.Debug|Any CPU.Build.0 = Debug|Any CPU
		{97FD6CDF-69E3-4C20-A8E8-4D0A718F5BB4}.Release|Any CPU.ActiveCfg = Release|Any CPU
		{97FD6CDF-69E3-4C20-A8E8-4D0A718F5BB4}.Release|Any CPU.Build.0 = Release|Any CPU
	EndGlobalSection
	GlobalSection(SolutionProperties) = preSolution
		HideSolutionNode = FALSE
	EndGlobalSection
	GlobalSection(ExtensibilityGlobals) = postSolution
		SolutionGuid = {3F5A977D-4B09-4E92-AF99-3B426114D61C}
	EndGlobalSection
EndGlobal
